
Microsoft Visual Studio Solution File, Format Version 12.00
# Visual Studio Version 17
VisualStudioVersion = 17.7.34202.233
MinimumVisualStudioVersion = 10.0.40219.1
Project("{2150E333-8FDC-42A3-9474-1A3956D46DE8}") = "Lab1", "Lab1", "{FAB3443D-1BF6-452C-AA58-67F4DB0E0BC1}"
EndProject
Project("{2150E333-8FDC-42A3-9474-1A3956D46DE8}") = "Lab2", "Lab2", "{C5D66FEC-FE68-43A3-B08C-B0C00BFDB8DF}"
EndProject
Project("{8BC9CEB8-8B4A-11D0-8D11-00A0C91BC942}") = "FirstLab", "Lab1\src\Lab1.vcxproj", "{4E695C5E-108B-478C-8688-E0D09EB78F09}"
EndProject
Project("{8BC9CEB8-8B4A-11D0-8D11-00A0C91BC942}") = "Lab1.Tests", "Lab1\tests\Lab1.Tests\Lab1.Tests.vcxproj", "{A37E5BD1-3EB3-4D05-90E3-6F6D5F7F9B22}"
EndProject
Project("{8BC9CEB8-8B4A-11D0-8D11-00A0C91BC942}") = "SecondLab", "Lab2\src\SecondLab.vcxproj", "{15F37C17-223A-4A7B-81EA-0C9A9B6736F4}"
EndProject
Project("{2150E333-8FDC-42A3-9474-1A3956D46DE8}") = "Lab3", "Lab3", "{8BE013BA-17EA-4F58-91C8-F7CDA366B2B3}"
EndProject
Project("{8BC9CEB8-8B4A-11D0-8D11-00A0C91BC942}") = "Lab2.Tests", "Lab2\tests\Lab2.Tests\Lab2.Tests.vcxproj", "{64FF8985-23BE-4765-9E66-FEE58D6A6188}"
EndProject
Project("{8BC9CEB8-8B4A-11D0-8D11-00A0C91BC942}") = "ThirdLab", "Lab3\src\ThirdLab.vcxproj", "{90B0F73E-99A9-4506-80EA-11AF59B3B737}"
EndProject
Project("{8BC9CEB8-8B4A-11D0-8D11-00A0C91BC942}") = "Lab3.Tests", "Lab3\tests\Lab3.Tests\Lab3.Tests.vcxproj", "{392C51D0-EF3E-4DEC-8CBC-67446E376347}"
EndProject
Project("{2150E333-8FDC-42A3-9474-1A3956D46DE8}") = "Lab4", "Lab4", "{98EA7250-A70E-48AF-BE4E-7F87A277914C}"
EndProject
Project("{8BC9CEB8-8B4A-11D0-8D11-00A0C91BC942}") = "FourthLab", "Lab4\src\FourthLab\FourthLab.vcxproj", "{868495F3-662A-44A7-935E-5F96A1E7E868}"
EndProject
Project("{8BC9CEB8-8B4A-11D0-8D11-00A0C91BC942}") = "Lab4.Tests", "Lab4\tests\Lab4.Tests\Lab4.Tests.vcxproj", "{3DC4A1CB-3920-4303-A52D-82974457B865}"
EndProject
Project("{2150E333-8FDC-42A3-9474-1A3956D46DE8}") = "Lab5", "Lab5", "{061409C8-F2D8-4756-8063-D4DDD14CD295}"
EndProject
Project("{8BC9CEB8-8B4A-11D0-8D11-00A0C91BC942}") = "FifthLab", "Lab5\src\FifthLab.vcxproj", "{782D29C0-C343-49CB-8613-829E89D9EEE8}"
EndProject
Project("{8BC9CEB8-8B4A-11D0-8D11-00A0C91BC942}") = "Lab5.Tests", "Lab5\tests\Lab5.Tests\Lab5.Tests.vcxproj", "{8EFBD004-AD95-47E6-AAD1-71B67F7496B2}"
EndProject
Project("{2150E333-8FDC-42A3-9474-1A3956D46DE8}") = "Lab6", "Lab6", "{E52B31D3-3E1B-491D-BA24-E50B8DA02BD3}"
EndProject
Project("{8BC9CEB8-8B4A-11D0-8D11-00A0C91BC942}") = "SixthLab", "Lab6\src\SixthLab.vcxproj", "{C7C2F474-DF7D-4366-AE63-F910178B7969}"
EndProject
Project("{8BC9CEB8-8B4A-11D0-8D11-00A0C91BC942}") = "Lab6.Tests", "Lab6\tests\Lab6.Tests\Lab6.Tests.vcxproj", "{2AA86AAB-F78C-4E0C-9CCB-3ED6ED48A92D}"
EndProject
Global
	GlobalSection(SolutionConfigurationPlatforms) = preSolution
		Debug|x64 = Debug|x64
		Debug|x86 = Debug|x86
		Release|x64 = Release|x64
		Release|x86 = Release|x86
	EndGlobalSection
	GlobalSection(ProjectConfigurationPlatforms) = postSolution
		{4E695C5E-108B-478C-8688-E0D09EB78F09}.Debug|x64.ActiveCfg = Debug|x64
		{4E695C5E-108B-478C-8688-E0D09EB78F09}.Debug|x64.Build.0 = Debug|x64
		{4E695C5E-108B-478C-8688-E0D09EB78F09}.Debug|x86.ActiveCfg = Debug|Win32
		{4E695C5E-108B-478C-8688-E0D09EB78F09}.Debug|x86.Build.0 = Debug|Win32
		{4E695C5E-108B-478C-8688-E0D09EB78F09}.Release|x64.ActiveCfg = Release|x64
		{4E695C5E-108B-478C-8688-E0D09EB78F09}.Release|x64.Build.0 = Release|x64
		{4E695C5E-108B-478C-8688-E0D09EB78F09}.Release|x86.ActiveCfg = Release|Win32
		{4E695C5E-108B-478C-8688-E0D09EB78F09}.Release|x86.Build.0 = Release|Win32
		{A37E5BD1-3EB3-4D05-90E3-6F6D5F7F9B22}.Debug|x64.ActiveCfg = Debug|x64
		{A37E5BD1-3EB3-4D05-90E3-6F6D5F7F9B22}.Debug|x64.Build.0 = Debug|x64
		{A37E5BD1-3EB3-4D05-90E3-6F6D5F7F9B22}.Debug|x86.ActiveCfg = Debug|Win32
		{A37E5BD1-3EB3-4D05-90E3-6F6D5F7F9B22}.Debug|x86.Build.0 = Debug|Win32
		{A37E5BD1-3EB3-4D05-90E3-6F6D5F7F9B22}.Release|x64.ActiveCfg = Release|x64
		{A37E5BD1-3EB3-4D05-90E3-6F6D5F7F9B22}.Release|x64.Build.0 = Release|x64
		{A37E5BD1-3EB3-4D05-90E3-6F6D5F7F9B22}.Release|x86.ActiveCfg = Release|Win32
		{A37E5BD1-3EB3-4D05-90E3-6F6D5F7F9B22}.Release|x86.Build.0 = Release|Win32
		{15F37C17-223A-4A7B-81EA-0C9A9B6736F4}.Debug|x64.ActiveCfg = Debug|x64
		{15F37C17-223A-4A7B-81EA-0C9A9B6736F4}.Debug|x64.Build.0 = Debug|x64
		{15F37C17-223A-4A7B-81EA-0C9A9B6736F4}.Debug|x86.ActiveCfg = Debug|Win32
		{15F37C17-223A-4A7B-81EA-0C9A9B6736F4}.Debug|x86.Build.0 = Debug|Win32
		{15F37C17-223A-4A7B-81EA-0C9A9B6736F4}.Release|x64.ActiveCfg = Release|x64
		{15F37C17-223A-4A7B-81EA-0C9A9B6736F4}.Release|x64.Build.0 = Release|x64
		{15F37C17-223A-4A7B-81EA-0C9A9B6736F4}.Release|x86.ActiveCfg = Release|Win32
		{15F37C17-223A-4A7B-81EA-0C9A9B6736F4}.Release|x86.Build.0 = Release|Win32
		{64FF8985-23BE-4765-9E66-FEE58D6A6188}.Debug|x64.ActiveCfg = Debug|x64
		{64FF8985-23BE-4765-9E66-FEE58D6A6188}.Debug|x64.Build.0 = Debug|x64
		{64FF8985-23BE-4765-9E66-FEE58D6A6188}.Debug|x86.ActiveCfg = Debug|Win32
		{64FF8985-23BE-4765-9E66-FEE58D6A6188}.Debug|x86.Build.0 = Debug|Win32
		{64FF8985-23BE-4765-9E66-FEE58D6A6188}.Release|x64.ActiveCfg = Release|x64
		{64FF8985-23BE-4765-9E66-FEE58D6A6188}.Release|x64.Build.0 = Release|x64
		{64FF8985-23BE-4765-9E66-FEE58D6A6188}.Release|x86.ActiveCfg = Release|Win32
		{64FF8985-23BE-4765-9E66-FEE58D6A6188}.Release|x86.Build.0 = Release|Win32
		{90B0F73E-99A9-4506-80EA-11AF59B3B737}.Debug|x64.ActiveCfg = Debug|x64
		{90B0F73E-99A9-4506-80EA-11AF59B3B737}.Debug|x64.Build.0 = Debug|x64
		{90B0F73E-99A9-4506-80EA-11AF59B3B737}.Debug|x86.ActiveCfg = Debug|Win32
		{90B0F73E-99A9-4506-80EA-11AF59B3B737}.Debug|x86.Build.0 = Debug|Win32
		{90B0F73E-99A9-4506-80EA-11AF59B3B737}.Release|x64.ActiveCfg = Release|x64
		{90B0F73E-99A9-4506-80EA-11AF59B3B737}.Release|x64.Build.0 = Release|x64
		{90B0F73E-99A9-4506-80EA-11AF59B3B737}.Release|x86.ActiveCfg = Release|Win32
		{90B0F73E-99A9-4506-80EA-11AF59B3B737}.Release|x86.Build.0 = Release|Win32
		{392C51D0-EF3E-4DEC-8CBC-67446E376347}.Debug|x64.ActiveCfg = Debug|x64
		{392C51D0-EF3E-4DEC-8CBC-67446E376347}.Debug|x64.Build.0 = Debug|x64
		{392C51D0-EF3E-4DEC-8CBC-67446E376347}.Debug|x86.ActiveCfg = Debug|Win32
		{392C51D0-EF3E-4DEC-8CBC-67446E376347}.Debug|x86.Build.0 = Debug|Win32
		{392C51D0-EF3E-4DEC-8CBC-67446E376347}.Release|x64.ActiveCfg = Release|x64
		{392C51D0-EF3E-4DEC-8CBC-67446E376347}.Release|x64.Build.0 = Release|x64
		{392C51D0-EF3E-4DEC-8CBC-67446E376347}.Release|x86.ActiveCfg = Release|Win32
		{392C51D0-EF3E-4DEC-8CBC-67446E376347}.Release|x86.Build.0 = Release|Win32
		{868495F3-662A-44A7-935E-5F96A1E7E868}.Debug|x64.ActiveCfg = Debug|x64
		{868495F3-662A-44A7-935E-5F96A1E7E868}.Debug|x64.Build.0 = Debug|x64
		{868495F3-662A-44A7-935E-5F96A1E7E868}.Debug|x86.ActiveCfg = Debug|Win32
		{868495F3-662A-44A7-935E-5F96A1E7E868}.Debug|x86.Build.0 = Debug|Win32
		{868495F3-662A-44A7-935E-5F96A1E7E868}.Release|x64.ActiveCfg = Release|x64
		{868495F3-662A-44A7-935E-5F96A1E7E868}.Release|x64.Build.0 = Release|x64
		{868495F3-662A-44A7-935E-5F96A1E7E868}.Release|x86.ActiveCfg = Release|Win32
		{868495F3-662A-44A7-935E-5F96A1E7E868}.Release|x86.Build.0 = Release|Win32
		{3DC4A1CB-3920-4303-A52D-82974457B865}.Debug|x64.ActiveCfg = Debug|x64
		{3DC4A1CB-3920-4303-A52D-82974457B865}.Debug|x64.Build.0 = Debug|x64
		{3DC4A1CB-3920-4303-A52D-82974457B865}.Debug|x86.ActiveCfg = Debug|Win32
		{3DC4A1CB-3920-4303-A52D-82974457B865}.Debug|x86.Build.0 = Debug|Win32
		{3DC4A1CB-3920-4303-A52D-82974457B865}.Release|x64.ActiveCfg = Release|x64
		{3DC4A1CB-3920-4303-A52D-82974457B865}.Release|x64.Build.0 = Release|x64
		{3DC4A1CB-3920-4303-A52D-82974457B865}.Release|x86.ActiveCfg = Release|Win32
		{3DC4A1CB-3920-4303-A52D-82974457B865}.Release|x86.Build.0 = Release|Win32
		{782D29C0-C343-49CB-8613-829E89D9EEE8}.Debug|x64.ActiveCfg = Debug|x64
		{782D29C0-C343-49CB-8613-829E89D9EEE8}.Debug|x64.Build.0 = Debug|x64
		{782D29C0-C343-49CB-8613-829E89D9EEE8}.Debug|x86.ActiveCfg = Debug|Win32
		{782D29C0-C343-49CB-8613-829E89D9EEE8}.Debug|x86.Build.0 = Debug|Win32
		{782D29C0-C343-49CB-8613-829E89D9EEE8}.Release|x64.ActiveCfg = Release|x64
		{782D29C0-C343-49CB-8613-829E89D9EEE8}.Release|x64.Build.0 = Release|x64
		{782D29C0-C343-49CB-8613-829E89D9EEE8}.Release|x86.ActiveCfg = Release|Win32
		{782D29C0-C343-49CB-8613-829E89D9EEE8}.Release|x86.Build.0 = Release|Win32
		{8EFBD004-AD95-47E6-AAD1-71B67F7496B2}.Debug|x64.ActiveCfg = Debug|x64
		{8EFBD004-AD95-47E6-AAD1-71B67F7496B2}.Debug|x64.Build.0 = Debug|x64
		{8EFBD004-AD95-47E6-AAD1-71B67F7496B2}.Debug|x86.ActiveCfg = Debug|Win32
		{8EFBD004-AD95-47E6-AAD1-71B67F7496B2}.Debug|x86.Build.0 = Debug|Win32
		{8EFBD004-AD95-47E6-AAD1-71B67F7496B2}.Release|x64.ActiveCfg = Release|x64
		{8EFBD004-AD95-47E6-AAD1-71B67F7496B2}.Release|x64.Build.0 = Release|x64
		{8EFBD004-AD95-47E6-AAD1-71B67F7496B2}.Release|x86.ActiveCfg = Release|Win32
		{8EFBD004-AD95-47E6-AAD1-71B67F7496B2}.Release|x86.Build.0 = Release|Win32
		{C7C2F474-DF7D-4366-AE63-F910178B7969}.Debug|x64.ActiveCfg = Debug|x64
		{C7C2F474-DF7D-4366-AE63-F910178B7969}.Debug|x64.Build.0 = Debug|x64
		{C7C2F474-DF7D-4366-AE63-F910178B7969}.Debug|x86.ActiveCfg = Debug|Win32
		{C7C2F474-DF7D-4366-AE63-F910178B7969}.Debug|x86.Build.0 = Debug|Win32
		{C7C2F474-DF7D-4366-AE63-F910178B7969}.Release|x64.ActiveCfg = Release|x64
		{C7C2F474-DF7D-4366-AE63-F910178B7969}.Release|x64.Build.0 = Release|x64
		{C7C2F474-DF7D-4366-AE63-F910178B7969}.Release|x86.ActiveCfg = Release|Win32
		{C7C2F474-DF7D-4366-AE63-F910178B7969}.Release|x86.Build.0 = Release|Win32
		{2AA86AAB-F78C-4E0C-9CCB-3ED6ED48A92D}.Debug|x64.ActiveCfg = Debug|x64
		{2AA86AAB-F78C-4E0C-9CCB-3ED6ED48A92D}.Debug|x64.Build.0 = Debug|x64
		{2AA86AAB-F78C-4E0C-9CCB-3ED6ED48A92D}.Debug|x86.ActiveCfg = Debug|Win32
		{2AA86AAB-F78C-4E0C-9CCB-3ED6ED48A92D}.Debug|x86.Build.0 = Debug|Win32
		{2AA86AAB-F78C-4E0C-9CCB-3ED6ED48A92D}.Release|x64.ActiveCfg = Release|x64
		{2AA86AAB-F78C-4E0C-9CCB-3ED6ED48A92D}.Release|x64.Build.0 = Release|x64
		{2AA86AAB-F78C-4E0C-9CCB-3ED6ED48A92D}.Release|x86.ActiveCfg = Release|Win32
		{2AA86AAB-F78C-4E0C-9CCB-3ED6ED48A92D}.Release|x86.Build.0 = Release|Win32
	EndGlobalSection
	GlobalSection(SolutionProperties) = preSolution
		HideSolutionNode = FALSE
	EndGlobalSection
	GlobalSection(NestedProjects) = preSolution
		{4E695C5E-108B-478C-8688-E0D09EB78F09} = {FAB3443D-1BF6-452C-AA58-67F4DB0E0BC1}
		{A37E5BD1-3EB3-4D05-90E3-6F6D5F7F9B22} = {FAB3443D-1BF6-452C-AA58-67F4DB0E0BC1}
		{15F37C17-223A-4A7B-81EA-0C9A9B6736F4} = {C5D66FEC-FE68-43A3-B08C-B0C00BFDB8DF}
		{64FF8985-23BE-4765-9E66-FEE58D6A6188} = {C5D66FEC-FE68-43A3-B08C-B0C00BFDB8DF}
		{90B0F73E-99A9-4506-80EA-11AF59B3B737} = {8BE013BA-17EA-4F58-91C8-F7CDA366B2B3}
		{392C51D0-EF3E-4DEC-8CBC-67446E376347} = {8BE013BA-17EA-4F58-91C8-F7CDA366B2B3}
		{868495F3-662A-44A7-935E-5F96A1E7E868} = {98EA7250-A70E-48AF-BE4E-7F87A277914C}
		{3DC4A1CB-3920-4303-A52D-82974457B865} = {98EA7250-A70E-48AF-BE4E-7F87A277914C}
		{782D29C0-C343-49CB-8613-829E89D9EEE8} = {061409C8-F2D8-4756-8063-D4DDD14CD295}
		{8EFBD004-AD95-47E6-AAD1-71B67F7496B2} = {061409C8-F2D8-4756-8063-D4DDD14CD295}
		{C7C2F474-DF7D-4366-AE63-F910178B7969} = {E52B31D3-3E1B-491D-BA24-E50B8DA02BD3}
		{2AA86AAB-F78C-4E0C-9CCB-3ED6ED48A92D} = {E52B31D3-3E1B-491D-BA24-E50B8DA02BD3}
	EndGlobalSection
	GlobalSection(ExtensibilityGlobals) = postSolution
		SolutionGuid = {72B1062B-CF4B-4E00-9497-064A215F8DEE}
	EndGlobalSection
EndGlobal
